
Microsoft Visual Studio Solution File, Format Version 12.00
# Visual Studio Version 16
VisualStudioVersion = 16.0.30114.105
MinimumVisualStudioVersion = 10.0.40219.1
Project("{2150E333-8FDC-42A3-9474-1A3956D46DE8}") = "RomanizationConverter", "RomanizationConverter", "{A50CE4F5-BA0E-48CE-9A71-36F6DFF4BC32}"
EndProject
Project("{2150E333-8FDC-42A3-9474-1A3956D46DE8}") = "src", "src", "{620F9920-816A-42D2-99E7-B8E3229EC977}"
EndProject
Project("{FAE04EC0-301F-11D3-BF4B-00C04F79EFBC}") = "RomanizationConverter", "RomanizationConverter\src\RomanizationConverter\RomanizationConverter.csproj", "{509C184F-F29B-4136-8329-152994A9D2F6}"
EndProject
Project("{2150E333-8FDC-42A3-9474-1A3956D46DE8}") = "test", "test", "{56B363CF-B865-4AB9-AECD-2F1E8B3C5C0D}"
EndProject
Project("{FAE04EC0-301F-11D3-BF4B-00C04F79EFBC}") = "RomanizationConverter.Tests", "RomanizationConverter\test\RomanizationConverter.Tests\RomanizationConverter.Tests.csproj", "{D769FDF8-641E-435D-8572-A7C36901F0F8}"
EndProject
Project("{2150E333-8FDC-42A3-9474-1A3956D46DE8}") = "SilicanDate", "SilicanDate", "{EC8969A1-BD56-4EBF-9C2D-7901F3BDF750}"
EndProject
Project("{2150E333-8FDC-42A3-9474-1A3956D46DE8}") = "src", "src", "{9FEE96FB-865B-4DBE-B2B0-EBB232FC2E4F}"
EndProject
Project("{FAE04EC0-301F-11D3-BF4B-00C04F79EFBC}") = "SilicanDate", "SilicanDate\src\SilicanDate\SilicanDate.csproj", "{F5CDB7C3-5BCB-49D6-AA86-251EDE9323B6}"
EndProject
Project("{2150E333-8FDC-42A3-9474-1A3956D46DE8}") = "test", "test", "{7CE7E3E2-51CA-4F23-94CF-A29916A03FE3}"
EndProject
Project("{FAE04EC0-301F-11D3-BF4B-00C04F79EFBC}") = "SilicanDate.Tests", "SilicanDate\test\SilicanDate.Tests\SilicanDate.Tests.csproj", "{16636207-FD7B-49AB-8609-6CFFD0621F12}"
EndProject
Global
	GlobalSection(SolutionConfigurationPlatforms) = preSolution
		Debug|Any CPU = Debug|Any CPU
		Release|Any CPU = Release|Any CPU
	EndGlobalSection
	GlobalSection(SolutionProperties) = preSolution
		HideSolutionNode = FALSE
	EndGlobalSection
	GlobalSection(ProjectConfigurationPlatforms) = postSolution
		{509C184F-F29B-4136-8329-152994A9D2F6}.Debug|Any CPU.ActiveCfg = Debug|Any CPU
		{509C184F-F29B-4136-8329-152994A9D2F6}.Debug|Any CPU.Build.0 = Debug|Any CPU
		{509C184F-F29B-4136-8329-152994A9D2F6}.Release|Any CPU.ActiveCfg = Release|Any CPU
		{509C184F-F29B-4136-8329-152994A9D2F6}.Release|Any CPU.Build.0 = Release|Any CPU
		{D769FDF8-641E-435D-8572-A7C36901F0F8}.Debug|Any CPU.ActiveCfg = Debug|Any CPU
		{D769FDF8-641E-435D-8572-A7C36901F0F8}.Debug|Any CPU.Build.0 = Debug|Any CPU
		{D769FDF8-641E-435D-8572-A7C36901F0F8}.Release|Any CPU.ActiveCfg = Release|Any CPU
		{D769FDF8-641E-435D-8572-A7C36901F0F8}.Release|Any CPU.Build.0 = Release|Any CPU
		{F5CDB7C3-5BCB-49D6-AA86-251EDE9323B6}.Debug|Any CPU.ActiveCfg = Debug|Any CPU
		{F5CDB7C3-5BCB-49D6-AA86-251EDE9323B6}.Debug|Any CPU.Build.0 = Debug|Any CPU
		{F5CDB7C3-5BCB-49D6-AA86-251EDE9323B6}.Release|Any CPU.ActiveCfg = Release|Any CPU
		{F5CDB7C3-5BCB-49D6-AA86-251EDE9323B6}.Release|Any CPU.Build.0 = Release|Any CPU
		{16636207-FD7B-49AB-8609-6CFFD0621F12}.Debug|Any CPU.ActiveCfg = Debug|Any CPU
		{16636207-FD7B-49AB-8609-6CFFD0621F12}.Debug|Any CPU.Build.0 = Debug|Any CPU
		{16636207-FD7B-49AB-8609-6CFFD0621F12}.Release|Any CPU.ActiveCfg = Release|Any CPU
		{16636207-FD7B-49AB-8609-6CFFD0621F12}.Release|Any CPU.Build.0 = Release|Any CPU
	EndGlobalSection
	GlobalSection(NestedProjects) = preSolution
		{620F9920-816A-42D2-99E7-B8E3229EC977} = {A50CE4F5-BA0E-48CE-9A71-36F6DFF4BC32}
		{509C184F-F29B-4136-8329-152994A9D2F6} = {620F9920-816A-42D2-99E7-B8E3229EC977}
		{56B363CF-B865-4AB9-AECD-2F1E8B3C5C0D} = {A50CE4F5-BA0E-48CE-9A71-36F6DFF4BC32}
		{D769FDF8-641E-435D-8572-A7C36901F0F8} = {56B363CF-B865-4AB9-AECD-2F1E8B3C5C0D}
		{9FEE96FB-865B-4DBE-B2B0-EBB232FC2E4F} = {EC8969A1-BD56-4EBF-9C2D-7901F3BDF750}
		{F5CDB7C3-5BCB-49D6-AA86-251EDE9323B6} = {9FEE96FB-865B-4DBE-B2B0-EBB232FC2E4F}
		{7CE7E3E2-51CA-4F23-94CF-A29916A03FE3} = {EC8969A1-BD56-4EBF-9C2D-7901F3BDF750}
		{16636207-FD7B-49AB-8609-6CFFD0621F12} = {7CE7E3E2-51CA-4F23-94CF-A29916A03FE3}
	EndGlobalSection
EndGlobal
