
Microsoft Visual Studio Solution File, Format Version 12.00
# Visual Studio Version 16
VisualStudioVersion = 16.0.30114.105
MinimumVisualStudioVersion = 10.0.40219.1
Project("{2150E333-8FDC-42A3-9474-1A3956D46DE8}") = "SilicanDate", "SilicanDate", "{234E256C-1383-44D3-A60E-E6411F0C367B}"
EndProject
Project("{2150E333-8FDC-42A3-9474-1A3956D46DE8}") = "src", "src", "{6119C1C7-A9E1-457D-B1D5-DE11185AD2F3}"
EndProject
Project("{F2A71F9B-5D33-465A-A702-920D77279786}") = "SilicanDate", "SilicanDate\src\SilicanDate\SilicanDate.fsproj", "{F524D765-DF1C-4EF5-B001-AEC926A9D845}"
EndProject
Project("{2150E333-8FDC-42A3-9474-1A3956D46DE8}") = "test", "test", "{83CBAAB1-15B8-46B4-865A-51A44F3B6B90}"
EndProject
Project("{F2A71F9B-5D33-465A-A702-920D77279786}") = "SilicanDate.Tests", "SilicanDate\test\SilicanDate.Tests\SilicanDate.Tests.fsproj", "{2A44E629-E3F1-46BC-B28E-C55A9E52FA09}"
EndProject
Project("{2150E333-8FDC-42A3-9474-1A3956D46DE8}") = "RomanizationConverter", "RomanizationConverter", "{A50CE4F5-BA0E-48CE-9A71-36F6DFF4BC32}"
EndProject
Project("{2150E333-8FDC-42A3-9474-1A3956D46DE8}") = "src", "src", "{620F9920-816A-42D2-99E7-B8E3229EC977}"
EndProject
Project("{FAE04EC0-301F-11D3-BF4B-00C04F79EFBC}") = "RomanizationConverter", "RomanizationConverter\src\RomanizationConverter\RomanizationConverter.csproj", "{509C184F-F29B-4136-8329-152994A9D2F6}"
EndProject
Project("{2150E333-8FDC-42A3-9474-1A3956D46DE8}") = "test", "test", "{56B363CF-B865-4AB9-AECD-2F1E8B3C5C0D}"
EndProject
Project("{FAE04EC0-301F-11D3-BF4B-00C04F79EFBC}") = "RomanizationConverter.Tests", "RomanizationConverter\test\RomanizationConverter.Tests\RomanizationConverter.Tests.csproj", "{D769FDF8-641E-435D-8572-A7C36901F0F8}"
EndProject
Global
	GlobalSection(SolutionConfigurationPlatforms) = preSolution
		Debug|Any CPU = Debug|Any CPU
		Release|Any CPU = Release|Any CPU
	EndGlobalSection
	GlobalSection(SolutionProperties) = preSolution
		HideSolutionNode = FALSE
	EndGlobalSection
	GlobalSection(ProjectConfigurationPlatforms) = postSolution
		{F524D765-DF1C-4EF5-B001-AEC926A9D845}.Debug|Any CPU.ActiveCfg = Debug|Any CPU
		{F524D765-DF1C-4EF5-B001-AEC926A9D845}.Debug|Any CPU.Build.0 = Debug|Any CPU
		{F524D765-DF1C-4EF5-B001-AEC926A9D845}.Release|Any CPU.ActiveCfg = Release|Any CPU
		{F524D765-DF1C-4EF5-B001-AEC926A9D845}.Release|Any CPU.Build.0 = Release|Any CPU
		{2A44E629-E3F1-46BC-B28E-C55A9E52FA09}.Debug|Any CPU.ActiveCfg = Debug|Any CPU
		{2A44E629-E3F1-46BC-B28E-C55A9E52FA09}.Debug|Any CPU.Build.0 = Debug|Any CPU
		{2A44E629-E3F1-46BC-B28E-C55A9E52FA09}.Release|Any CPU.ActiveCfg = Release|Any CPU
		{2A44E629-E3F1-46BC-B28E-C55A9E52FA09}.Release|Any CPU.Build.0 = Release|Any CPU
		{509C184F-F29B-4136-8329-152994A9D2F6}.Debug|Any CPU.ActiveCfg = Debug|Any CPU
		{509C184F-F29B-4136-8329-152994A9D2F6}.Debug|Any CPU.Build.0 = Debug|Any CPU
		{509C184F-F29B-4136-8329-152994A9D2F6}.Release|Any CPU.ActiveCfg = Release|Any CPU
		{509C184F-F29B-4136-8329-152994A9D2F6}.Release|Any CPU.Build.0 = Release|Any CPU
		{D769FDF8-641E-435D-8572-A7C36901F0F8}.Debug|Any CPU.ActiveCfg = Debug|Any CPU
		{D769FDF8-641E-435D-8572-A7C36901F0F8}.Debug|Any CPU.Build.0 = Debug|Any CPU
		{D769FDF8-641E-435D-8572-A7C36901F0F8}.Release|Any CPU.ActiveCfg = Release|Any CPU
		{D769FDF8-641E-435D-8572-A7C36901F0F8}.Release|Any CPU.Build.0 = Release|Any CPU
	EndGlobalSection
	GlobalSection(NestedProjects) = preSolution
		{6119C1C7-A9E1-457D-B1D5-DE11185AD2F3} = {234E256C-1383-44D3-A60E-E6411F0C367B}
		{F524D765-DF1C-4EF5-B001-AEC926A9D845} = {6119C1C7-A9E1-457D-B1D5-DE11185AD2F3}
		{83CBAAB1-15B8-46B4-865A-51A44F3B6B90} = {234E256C-1383-44D3-A60E-E6411F0C367B}
		{2A44E629-E3F1-46BC-B28E-C55A9E52FA09} = {83CBAAB1-15B8-46B4-865A-51A44F3B6B90}
		{620F9920-816A-42D2-99E7-B8E3229EC977} = {A50CE4F5-BA0E-48CE-9A71-36F6DFF4BC32}
		{509C184F-F29B-4136-8329-152994A9D2F6} = {620F9920-816A-42D2-99E7-B8E3229EC977}
		{56B363CF-B865-4AB9-AECD-2F1E8B3C5C0D} = {A50CE4F5-BA0E-48CE-9A71-36F6DFF4BC32}
		{D769FDF8-641E-435D-8572-A7C36901F0F8} = {56B363CF-B865-4AB9-AECD-2F1E8B3C5C0D}
	EndGlobalSection
EndGlobal
